// !$*UTF8*$!
{
	archiveVersion = 1;
	classes = {
	};
	objectVersion = 50;
	objects = {

/* Begin PBXBuildFile section */
		C464FCDA21CCC51200BFD896 /* AppDelegate.m in Sources */ = {isa = PBXBuildFile; fileRef = C464FCD921CCC51200BFD896 /* AppDelegate.m */; };
		C464FCDD21CCC51200BFD896 /* ViewController.m in Sources */ = {isa = PBXBuildFile; fileRef = C464FCDC21CCC51200BFD896 /* ViewController.m */; };
		C464FCE021CCC51200BFD896 /* Main.storyboard in Resources */ = {isa = PBXBuildFile; fileRef = C464FCDE21CCC51200BFD896 /* Main.storyboard */; };
		C464FCE221CCC66F00BFD896 /* Assets.xcassets in Resources */ = {isa = PBXBuildFile; fileRef = C464FCE121CCC66F00BFD896 /* Assets.xcassets */; };
		C464FCE521CCC67200BFD896 /* LaunchScreen.storyboard in Resources */ = {isa = PBXBuildFile; fileRef = C464FCE321CCC67100BFD896 /* LaunchScreen.storyboard */; };
		C464FCE821CCC67600BFD896 /* main.m in Sources */ = {isa = PBXBuildFile; fileRef = C464FCE721CCC67600BFD896 /* main.m */; };
		C464FCF421D31EDC00BFD896 /* SeaNativeHUD.m in Sources */ = {isa = PBXBuildFile; fileRef = C464FCF321D31EDC00BFD896 /* SeaNativeHUD.m */; };
/* End PBXBuildFile section */

/* Begin PBXFileReference section */
		C464FCD521CCC51200BFD896 /* MyUIDemo.app */ = {isa = PBXFileReference; explicitFileType = wrapper.application; includeInIndex = 0; path = MyUIDemo.app; sourceTree = BUILT_PRODUCTS_DIR; };
		C464FCD821CCC51200BFD896 /* AppDelegate.h */ = {isa = PBXFileReference; lastKnownFileType = sourcecode.c.h; path = AppDelegate.h; sourceTree = "<group>"; };
		C464FCD921CCC51200BFD896 /* AppDelegate.m */ = {isa = PBXFileReference; lastKnownFileType = sourcecode.c.objc; path = AppDelegate.m; sourceTree = "<group>"; };
		C464FCDB21CCC51200BFD896 /* ViewController.h */ = {isa = PBXFileReference; lastKnownFileType = sourcecode.c.h; path = ViewController.h; sourceTree = "<group>"; };
		C464FCDC21CCC51200BFD896 /* ViewController.m */ = {isa = PBXFileReference; lastKnownFileType = sourcecode.c.objc; path = ViewController.m; sourceTree = "<group>"; };
		C464FCDF21CCC51200BFD896 /* Base */ = {isa = PBXFileReference; lastKnownFileType = file.storyboard; name = Base; path = Base.lproj/Main.storyboard; sourceTree = "<group>"; };
		C464FCE121CCC66F00BFD896 /* Assets.xcassets */ = {isa = PBXFileReference; lastKnownFileType = folder.assetcatalog; path = Assets.xcassets; sourceTree = "<group>"; };
		C464FCE421CCC67200BFD896 /* Base */ = {isa = PBXFileReference; lastKnownFileType = file.storyboard; name = Base; path = Base.lproj/LaunchScreen.storyboard; sourceTree = "<group>"; };
		C464FCE621CCC67400BFD896 /* Info.plist */ = {isa = PBXFileReference; lastKnownFileType = text.plist.xml; path = Info.plist; sourceTree = "<group>"; };
		C464FCE721CCC67600BFD896 /* main.m */ = {isa = PBXFileReference; lastKnownFileType = sourcecode.c.objc; path = main.m; sourceTree = "<group>"; };
		C464FCF221D31EDC00BFD896 /* SeaNativeHUD.h */ = {isa = PBXFileReference; lastKnownFileType = sourcecode.c.h; path = SeaNativeHUD.h; sourceTree = "<group>"; };
		C464FCF321D31EDC00BFD896 /* SeaNativeHUD.m */ = {isa = PBXFileReference; lastKnownFileType = sourcecode.c.objc; path = SeaNativeHUD.m; sourceTree = "<group>"; };
/* End PBXFileReference section */

/* Begin PBXFrameworksBuildPhase section */
		C464FCD221CCC51200BFD896 /* Frameworks */ = {
			isa = PBXFrameworksBuildPhase;
			buildActionMask = 2147483647;
			files = (
			);
			runOnlyForDeploymentPostprocessing = 0;
		};
/* End PBXFrameworksBuildPhase section */

/* Begin PBXGroup section */
		C464FCCC21CCC51200BFD896 = {
			isa = PBXGroup;
			children = (
				C464FCD721CCC51200BFD896 /* MyUIDemo */,
				C464FCD621CCC51200BFD896 /* Products */,
			);
			sourceTree = "<group>";
		};
		C464FCD621CCC51200BFD896 /* Products */ = {
			isa = PBXGroup;
			children = (
				C464FCD521CCC51200BFD896 /* MyUIDemo.app */,
			);
			name = Products;
			sourceTree = "<group>";
		};
		C464FCD721CCC51200BFD896 /* MyUIDemo */ = {
			isa = PBXGroup;
			children = (
				C464FCEE21CCC6CF00BFD896 /* SeaNativeHUD */,
				C464FCD821CCC51200BFD896 /* AppDelegate.h */,
				C464FCD921CCC51200BFD896 /* AppDelegate.m */,
				C464FCDB21CCC51200BFD896 /* ViewController.h */,
				C464FCDC21CCC51200BFD896 /* ViewController.m */,
				C464FCDE21CCC51200BFD896 /* Main.storyboard */,
				C464FCE121CCC66F00BFD896 /* Assets.xcassets */,
				C464FCE321CCC67100BFD896 /* LaunchScreen.storyboard */,
				C464FCE621CCC67400BFD896 /* Info.plist */,
				C464FCE721CCC67600BFD896 /* main.m */,
			);
			path = MyUIDemo;
			sourceTree = "<group>";
		};
		C464FCEE21CCC6CF00BFD896 /* SeaNativeHUD */ = {
			isa = PBXGroup;
			children = (
				C464FCF221D31EDC00BFD896 /* SeaNativeHUD.h */,
				C464FCF321D31EDC00BFD896 /* SeaNativeHUD.m */,
			);
			path = SeaNativeHUD;
			sourceTree = "<group>";
		};
/* End PBXGroup section */

/* Begin PBXNativeTarget section */
		C464FCD421CCC51200BFD896 /* MyUIDemo */ = {
			isa = PBXNativeTarget;
			buildConfigurationList = C464FCEB21CCC67600BFD896 /* Build configuration list for PBXNativeTarget "MyUIDemo" */;
			buildPhases = (
				C464FCD121CCC51200BFD896 /* Sources */,
				C464FCD221CCC51200BFD896 /* Frameworks */,
				C464FCD321CCC51200BFD896 /* Resources */,
			);
			buildRules = (
			);
			dependencies = (
			);
			name = MyUIDemo;
			productName = MyUIDemo;
			productReference = C464FCD521CCC51200BFD896 /* MyUIDemo.app */;
			productType = "com.apple.product-type.application";
		};
/* End PBXNativeTarget section */

/* Begin PBXProject section */
		C464FCCD21CCC51200BFD896 /* Project object */ = {
			isa = PBXProject;
			attributes = {
				LastUpgradeCheck = 1010;
				ORGANIZATIONNAME = seabrea;
				TargetAttributes = {
					C464FCD421CCC51200BFD896 = {
						CreatedOnToolsVersion = 10.1;
					};
				};
			};
			buildConfigurationList = C464FCD021CCC51200BFD896 /* Build configuration list for PBXProject "MyUIDemo" */;
			compatibilityVersion = "Xcode 9.3";
			developmentRegion = en;
			hasScannedForEncodings = 0;
			knownRegions = (
				en,
				Base,
			);
			mainGroup = C464FCCC21CCC51200BFD896;
			productRefGroup = C464FCD621CCC51200BFD896 /* Products */;
			projectDirPath = "";
			projectRoot = "";
			targets = (
				C464FCD421CCC51200BFD896 /* MyUIDemo */,
			);
		};
/* End PBXProject section */

/* Begin PBXResourcesBuildPhase section */
		C464FCD321CCC51200BFD896 /* Resources */ = {
			isa = PBXResourcesBuildPhase;
			buildActionMask = 2147483647;
			files = (
				C464FCE521CCC67200BFD896 /* LaunchScreen.storyboard in Resources */,
				C464FCE221CCC66F00BFD896 /* Assets.xcassets in Resources */,
				C464FCE021CCC51200BFD896 /* Main.storyboard in Resources */,
			);
			runOnlyForDeploymentPostprocessing = 0;
		};
/* End PBXResourcesBuildPhase section */

/* Begin PBXSourcesBuildPhase section */
		C464FCD121CCC51200BFD896 /* Sources */ = {
			isa = PBXSourcesBuildPhase;
			buildActionMask = 2147483647;
			files = (
				C464FCDD21CCC51200BFD896 /* ViewController.m in Sources */,
				C464FCE821CCC67600BFD896 /* main.m in Sources */,
				C464FCF421D31EDC00BFD896 /* SeaNativeHUD.m in Sources */,
				C464FCDA21CCC51200BFD896 /* AppDelegate.m in Sources */,
			);
			runOnlyForDeploymentPostprocessing = 0;
		};
/* End PBXSourcesBuildPhase section */

/* Begin PBXVariantGroup section */
		C464FCDE21CCC51200BFD896 /* Main.storyboard */ = {
			isa = PBXVariantGroup;
			children = (
				C464FCDF21CCC51200BFD896 /* Base */,
			);
			name = Main.storyboard;
			sourceTree = "<group>";
		};
		C464FCE321CCC67100BFD896 /* LaunchScreen.storyboard */ = {
			isa = PBXVariantGroup;
			children = (
				C464FCE421CCC67200BFD896 /* Base */,
			);
			name = LaunchScreen.storyboard;
			sourceTree = "<group>";
		};
/* End PBXVariantGroup section */

/* Begin XCBuildConfiguration section */
		C464FCE921CCC67600BFD896 /* Debug */ = {
			isa = XCBuildConfiguration;
			buildSettings = {
				ALWAYS_SEARCH_USER_PATHS = NO;
				CLANG_ANALYZER_NONNULL = YES;
				CLANG_ANALYZER_NUMBER_OBJECT_CONVERSION = YES_AGGRESSIVE;
				CLANG_CXX_LANGUAGE_STANDARD = "gnu++14";
				CLANG_CXX_LIBRARY = "libc++";
				CLANG_ENABLE_MODULES = YES;
				CLANG_ENABLE_OBJC_ARC = YES;
				CLANG_ENABLE_OBJC_WEAK = YES;
				CLANG_WARN_BLOCK_CAPTURE_AUTORELEASING = YES;
				CLANG_WARN_BOOL_CONVERSION = YES;
				CLANG_WARN_COMMA = YES;
				CLANG_WARN_CONSTANT_CONVERSION = YES;
				CLANG_WARN_DEPRECATED_OBJC_IMPLEMENTATIONS = YES;
				CLANG_WARN_DIRECT_OBJC_ISA_USAGE = YES_ERROR;
				CLANG_WARN_DOCUMENTATION_COMMENTS = YES;
				CLANG_WARN_EMPTY_BODY = YES;
				CLANG_WARN_ENUM_CONVERSION = YES;
				CLANG_WARN_INFINITE_RECURSION = YES;
				CLANG_WARN_INT_CONVERSION = YES;
				CLANG_WARN_NON_LITERAL_NULL_CONVERSION = YES;
				CLANG_WARN_OBJC_IMPLICIT_RETAIN_SELF = YES;
				CLANG_WARN_OBJC_LITERAL_CONVERSION = YES;
				CLANG_WARN_OBJC_ROOT_CLASS = YES_ERROR;
				CLANG_WARN_RANGE_LOOP_ANALYSIS = YES;
				CLANG_WARN_STRICT_PROTOTYPES = YES;
				CLANG_WARN_SUSPICIOUS_MOVE = YES;
				CLANG_WARN_UNGUARDED_AVAILABILITY = YES_AGGRESSIVE;
				CLANG_WARN_UNREACHABLE_CODE = YES;
				CLANG_WARN__DUPLICATE_METHOD_MATCH = YES;
				CODE_SIGN_IDENTITY = "iPhone Developer";
				COPY_PHASE_STRIP = NO;
				DEBUG_INFORMATION_FORMAT = dwarf;
				ENABLE_STRICT_OBJC_MSGSEND = YES;
				ENABLE_TESTABILITY = YES;
				GCC_C_LANGUAGE_STANDARD = gnu11;
				GCC_DYNAMIC_NO_PIC = NO;
				GCC_NO_COMMON_BLOCKS = YES;
				GCC_OPTIMIZATION_LEVEL = 0;
				GCC_PREPROCESSOR_DEFINITIONS = (
					"DEBUG=1",
					"$(inherited)",
				);
				GCC_WARN_64_TO_32_BIT_CONVERSION = YES;
				GCC_WARN_ABOUT_RETURN_TYPE = YES_ERROR;
				GCC_WARN_UNDECLARED_SELECTOR = YES;
				GCC_WARN_UNINITIALIZED_AUTOS = YES_AGGRESSIVE;
				GCC_WARN_UNUSED_FUNCTION = YES;
				GCC_WARN_UNUSED_VARIABLE = YES;
				IPHONEOS_DEPLOYMENT_TARGET = 12.1;
				MTL_ENABLE_DEBUG_INFO = INCLUDE_SOURCE;
				MTL_FAST_MATH = YES;
				ONLY_ACTIVE_ARCH = YES;
				SDKROOT = iphoneos;
			};
			name = Debug;
		};
		C464FCEA21CCC67600BFD896 /* Release */ = {
			isa = XCBuildConfiguration;
			buildSettings = {
				ALWAYS_SEARCH_USER_PATHS = NO;
				CLANG_ANALYZER_NONNULL = YES;
				CLANG_ANALYZER_NUMBER_OBJECT_CONVERSION = YES_AGGRESSIVE;
				CLANG_CXX_LANGUAGE_STANDARD = "gnu++14";
				CLANG_CXX_LIBRARY = "libc++";
				CLANG_ENABLE_MODULES = YES;
				CLANG_ENABLE_OBJC_ARC = YES;
				CLANG_ENABLE_OBJC_WEAK = YES;
				CLANG_WARN_BLOCK_CAPTURE_AUTORELEASING = YES;
				CLANG_WARN_BOOL_CONVERSION = YES;
				CLANG_WARN_COMMA = YES;
				CLANG_WARN_CONSTANT_CONVERSION = YES;
				CLANG_WARN_DEPRECATED_OBJC_IMPLEMENTATIONS = YES;
				CLANG_WARN_DIRECT_OBJC_ISA_USAGE = YES_ERROR;
				CLANG_WARN_DOCUMENTATION_COMMENTS = YES;
				CLANG_WARN_EMPTY_BODY = YES;
				CLANG_WARN_ENUM_CONVERSION = YES;
				CLANG_WARN_INFINITE_RECURSION = YES;
				CLANG_WARN_INT_CONVERSION = YES;
				CLANG_WARN_NON_LITERAL_NULL_CONVERSION = YES;
				CLANG_WARN_OBJC_IMPLICIT_RETAIN_SELF = YES;
				CLANG_WARN_OBJC_LITERAL_CONVERSION = YES;
				CLANG_WARN_OBJC_ROOT_CLASS = YES_ERROR;
				CLANG_WARN_RANGE_LOOP_ANALYSIS = YES;
				CLANG_WARN_STRICT_PROTOTYPES = YES;
				CLANG_WARN_SUSPICIOUS_MOVE = YES;
				CLANG_WARN_UNGUARDED_AVAILABILITY = YES_AGGRESSIVE;
				CLANG_WARN_UNREACHABLE_CODE = YES;
				CLANG_WARN__DUPLICATE_METHOD_MATCH = YES;
				CODE_SIGN_IDENTITY = "iPhone Developer";
				COPY_PHASE_STRIP = NO;
				DEBUG_INFORMATION_FORMAT = "dwarf-with-dsym";
				ENABLE_NS_ASSERTIONS = NO;
				ENABLE_STRICT_OBJC_MSGSEND = YES;
				GCC_C_LANGUAGE_STANDARD = gnu11;
				GCC_NO_COMMON_BLOCKS = YES;
				GCC_WARN_64_TO_32_BIT_CONVERSION = YES;
				GCC_WARN_ABOUT_RETURN_TYPE = YES_ERROR;
				GCC_WARN_UNDECLARED_SELECTOR = YES;
				GCC_WARN_UNINITIALIZED_AUTOS = YES_AGGRESSIVE;
				GCC_WARN_UNUSED_FUNCTION = YES;
				GCC_WARN_UNUSED_VARIABLE = YES;
				IPHONEOS_DEPLOYMENT_TARGET = 12.1;
				MTL_ENABLE_DEBUG_INFO = NO;
				MTL_FAST_MATH = YES;
				SDKROOT = iphoneos;
				VALIDATE_PRODUCT = YES;
			};
			name = Release;
		};
		C464FCEC21CCC67600BFD896 /* Debug */ = {
			isa = XCBuildConfiguration;
			buildSettings = {
				ASSETCATALOG_COMPILER_APPICON_NAME = AppIcon;
				CODE_SIGN_STYLE = Automatic;
				DEVELOPMENT_TEAM = C4YHU2GEWQ;
				INFOPLIST_FILE = MyUIDemo/Info.plist;
				IPHONEOS_DEPLOYMENT_TARGET = 9.0;
				LD_RUNPATH_SEARCH_PATHS = (
					"$(inherited)",
					"@executable_path/Frameworks",
				);
				PRODUCT_BUNDLE_IDENTIFIER = com.seabrea.MyUIDemo;
				PRODUCT_NAME = "$(TARGET_NAME)";
				TARGETED_DEVICE_FAMILY = "1,2";
			};
			name = Debug;
		};
		C464FCED21CCC67600BFD896 /* Release */ = {
			isa = XCBuildConfiguration;
			buildSettings = {
				ASSETCATALOG_COMPILER_APPICON_NAME = AppIcon;
				CODE_SIGN_STYLE = Automatic;
				DEVELOPMENT_TEAM = C4YHU2GEWQ;
				INFOPLIST_FILE = MyUIDemo/Info.plist;
				IPHONEOS_DEPLOYMENT_TARGET = 9.0;
				LD_RUNPATH_SEARCH_PATHS = (
					"$(inherited)",
					"@executable_path/Frameworks",
				);
				PRODUCT_BUNDLE_IDENTIFIER = com.seabrea.MyUIDemo;
				PRODUCT_NAME = "$(TARGET_NAME)";
				TARGETED_DEVICE_FAMILY = "1,2";
			};
			name = Release;
		};
/* End XCBuildConfiguration section */

/* Begin XCConfigurationList section */
		C464FCD021CCC51200BFD896 /* Build configuration list for PBXProject "MyUIDemo" */ = {
			isa = XCConfigurationList;
			buildConfigurations = (
				C464FCE921CCC67600BFD896 /* Debug */,
				C464FCEA21CCC67600BFD896 /* Release */,
			);
			defaultConfigurationIsVisible = 0;
			defaultConfigurationName = Release;
		};
		C464FCEB21CCC67600BFD896 /* Build configuration list for PBXNativeTarget "MyUIDemo" */ = {
			isa = XCConfigurationList;
			buildConfigurations = (
				C464FCEC21CCC67600BFD896 /* Debug */,
				C464FCED21CCC67600BFD896 /* Release */,
			);
			defaultConfigurationIsVisible = 0;
			defaultConfigurationName = Release;
		};
/* End XCConfigurationList section */
	};
	rootObject = C464FCCD21CCC51200BFD896 /* Project object */;
}
